
Microsoft Visual Studio Solution File, Format Version 12.00
# Visual Studio 15
VisualStudioVersion = 15.0.28307.1062
MinimumVisualStudioVersion = 10.0.40219.1
Project("{FAE04EC0-301F-11D3-BF4B-00C04F79EFBC}") = "Interger_Practise", "Interger_Practise\Interger_Practise.csproj", "{E00F175A-764C-4A8F-954C-96AD4758E8A3}"
EndProject
Global
	GlobalSection(SolutionConfigurationPlatforms) = preSolution
		Debug|Any CPU = Debug|Any CPU
		Release|Any CPU = Release|Any CPU
	EndGlobalSection
	GlobalSection(ProjectConfigurationPlatforms) = postSolution
		{E00F175A-764C-4A8F-954C-96AD4758E8A3}.Debug|Any CPU.ActiveCfg = Debug|Any CPU
		{E00F175A-764C-4A8F-954C-96AD4758E8A3}.Debug|Any CPU.Build.0 = Debug|Any CPU
		{E00F175A-764C-4A8F-954C-96AD4758E8A3}.Release|Any CPU.ActiveCfg = Release|Any CPU
		{E00F175A-764C-4A8F-954C-96AD4758E8A3}.Release|Any CPU.Build.0 = Release|Any CPU
	EndGlobalSection
	GlobalSection(SolutionProperties) = preSolution
		HideSolutionNode = FALSE
	EndGlobalSection
	GlobalSection(ExtensibilityGlobals) = postSolution
		SolutionGuid = {F77CD264-DB05-4AFB-8BDD-FE9DFFBAB2E9}
	EndGlobalSection
EndGlobal
